
Microsoft Visual Studio Solution File, Format Version 12.00
# Visual Studio 15
VisualStudioVersion = 15.0.27703.2035
MinimumVisualStudioVersion = 10.0.40219.1
Project("{FAE04EC0-301F-11D3-BF4B-00C04F79EFBC}") = "Payroll", "Payroll\Payroll.csproj", "{232453E7-CE94-4F1F-A9F0-2C0DE9376BAD}"
EndProject
Global
	GlobalSection(SolutionConfigurationPlatforms) = preSolution
		Debug|Any CPU = Debug|Any CPU
		Release|Any CPU = Release|Any CPU
	EndGlobalSection
	GlobalSection(ProjectConfigurationPlatforms) = postSolution
		{232453E7-CE94-4F1F-A9F0-2C0DE9376BAD}.Debug|Any CPU.ActiveCfg = Debug|Any CPU
		{232453E7-CE94-4F1F-A9F0-2C0DE9376BAD}.Debug|Any CPU.Build.0 = Debug|Any CPU
		{232453E7-CE94-4F1F-A9F0-2C0DE9376BAD}.Release|Any CPU.ActiveCfg = Release|Any CPU
		{232453E7-CE94-4F1F-A9F0-2C0DE9376BAD}.Release|Any CPU.Build.0 = Release|Any CPU
	EndGlobalSection
	GlobalSection(SolutionProperties) = preSolution
		HideSolutionNode = FALSE
	EndGlobalSection
	GlobalSection(ExtensibilityGlobals) = postSolution
		SolutionGuid = {75BCE85B-99D7-45F1-9411-1760D096AA84}
	EndGlobalSection
EndGlobal
